
Microsoft Visual Studio Solution File, Format Version 12.00
Project("{FAE04EC0-301F-11D3-BF4B-00C04F79EFBC}") = "CleanCodeDevOps.App", "CleanCodeDevOps.App\CleanCodeDevOps.App.csproj", "{2AF90950-BD5A-4905-9F43-B4A5895E749C}"
EndProject
Global
	GlobalSection(SolutionConfigurationPlatforms) = preSolution
		Debug|Any CPU = Debug|Any CPU
		Release|Any CPU = Release|Any CPU
	EndGlobalSection
	GlobalSection(ProjectConfigurationPlatforms) = postSolution
		{2AF90950-BD5A-4905-9F43-B4A5895E749C}.Debug|Any CPU.ActiveCfg = Debug|Any CPU
		{2AF90950-BD5A-4905-9F43-B4A5895E749C}.Debug|Any CPU.Build.0 = Debug|Any CPU
		{2AF90950-BD5A-4905-9F43-B4A5895E749C}.Release|Any CPU.ActiveCfg = Release|Any CPU
		{2AF90950-BD5A-4905-9F43-B4A5895E749C}.Release|Any CPU.Build.0 = Release|Any CPU
	EndGlobalSection
EndGlobal
